
Microsoft Visual Studio Solution File, Format Version 12.00
# Visual Studio Version 17
VisualStudioVersion = 17.0.31903.59
MinimumVisualStudioVersion = 10.0.40219.1
Project("{2150E333-8FDC-42A3-9474-1A3956D46DE8}") = "src", "src", "{827E0CD3-B72D-47B6-A68D-7590B98EB39B}"
EndProject
Project("{FAE04EC0-301F-11D3-BF4B-00C04F79EFBC}") = "OnlyAddCalculator.Core", "src\OnlyAddCalculator.Core\OnlyAddCalculator.Core.csproj", "{974B2959-3863-413C-8D93-055710F3AE93}"
EndProject
Project("{FAE04EC0-301F-11D3-BF4B-00C04F79EFBC}") = "OnlyAddCalculator.Application", "src\OnlyAddCalculator.Application\OnlyAddCalculator.Application.csproj", "{691B1780-08CB-4995-80D5-45AFBBD26B99}"
EndProject
Project("{FAE04EC0-301F-11D3-BF4B-00C04F79EFBC}") = "OnlyAddCalculator.Persistence", "src\OnlyAddCalculator.Persistence\OnlyAddCalculator.Persistence.csproj", "{9362BB30-2C3B-42A5-BDF7-ADA98F6939CA}"
EndProject
Project("{FAE04EC0-301F-11D3-BF4B-00C04F79EFBC}") = "OnlyAddCalculator.Localization", "src\OnlyAddCalculator.Localization\OnlyAddCalculator.Localization.csproj", "{D8E02173-5604-4EB4-B585-545D3AA87EB1}"
EndProject
Project("{FAE04EC0-301F-11D3-BF4B-00C04F79EFBC}") = "OnlyAddCalculator.Wpf", "src\OnlyAddCalculator.Wpf\OnlyAddCalculator.Wpf.csproj", "{FD7B1C4A-0628-4649-825A-E0A7D3D4B304}"
EndProject
Project("{FAE04EC0-301F-11D3-BF4B-00C04F79EFBC}") = "OnlyAddCalculator.Core.Tests", "tests\OnlyAddCalculator.Core.Tests\OnlyAddCalculator.Core.Tests.csproj", "{8301C431-5E56-4CC4-984D-BC11415179EE}"
EndProject
Project("{FAE04EC0-301F-11D3-BF4B-00C04F79EFBC}") = "OnlyAddCalculator.Application.Tests", "tests\OnlyAddCalculator.Application.Tests\OnlyAddCalculator.Application.Tests.csproj", "{F5B2408A-4FE5-416F-8495-68586C34264E}"
EndProject
Project("{FAE04EC0-301F-11D3-BF4B-00C04F79EFBC}") = "OnlyAddCalculator.Persistence.Tests", "tests\OnlyAddCalculator.Persistence.Tests\OnlyAddCalculator.Persistence.Tests.csproj", "{34475C08-05D4-47B9-BDAC-D7C8F35FE42E}"
EndProject
Project("{FAE04EC0-301F-11D3-BF4B-00C04F79EFBC}") = "OnlyAddCalculator.Integration.Tests", "tests\OnlyAddCalculator.Integration.Tests\OnlyAddCalculator.Integration.Tests.csproj", "{9DCFF146-A0AC-4A30-AEDB-0C9477E9A114}"
EndProject
Global
	GlobalSection(SolutionConfigurationPlatforms) = preSolution
		Debug|Any CPU = Debug|Any CPU
		Debug|x64 = Debug|x64
		Debug|x86 = Debug|x86
		Release|Any CPU = Release|Any CPU
		Release|x64 = Release|x64
		Release|x86 = Release|x86
	EndGlobalSection
	GlobalSection(ProjectConfigurationPlatforms) = postSolution
		{974B2959-3863-413C-8D93-055710F3AE93}.Debug|Any CPU.ActiveCfg = Debug|Any CPU
		{974B2959-3863-413C-8D93-055710F3AE93}.Debug|Any CPU.Build.0 = Debug|Any CPU
		{974B2959-3863-413C-8D93-055710F3AE93}.Debug|x64.ActiveCfg = Debug|Any CPU
		{974B2959-3863-413C-8D93-055710F3AE93}.Debug|x64.Build.0 = Debug|Any CPU
		{974B2959-3863-413C-8D93-055710F3AE93}.Debug|x86.ActiveCfg = Debug|Any CPU
		{974B2959-3863-413C-8D93-055710F3AE93}.Debug|x86.Build.0 = Debug|Any CPU
		{974B2959-3863-413C-8D93-055710F3AE93}.Release|Any CPU.ActiveCfg = Release|Any CPU
		{974B2959-3863-413C-8D93-055710F3AE93}.Release|Any CPU.Build.0 = Release|Any CPU
		{974B2959-3863-413C-8D93-055710F3AE93}.Release|x64.ActiveCfg = Release|Any CPU
		{974B2959-3863-413C-8D93-055710F3AE93}.Release|x64.Build.0 = Release|Any CPU
		{974B2959-3863-413C-8D93-055710F3AE93}.Release|x86.ActiveCfg = Release|Any CPU
		{974B2959-3863-413C-8D93-055710F3AE93}.Release|x86.Build.0 = Release|Any CPU
		{691B1780-08CB-4995-80D5-45AFBBD26B99}.Debug|Any CPU.ActiveCfg = Debug|Any CPU
		{691B1780-08CB-4995-80D5-45AFBBD26B99}.Debug|Any CPU.Build.0 = Debug|Any CPU
		{691B1780-08CB-4995-80D5-45AFBBD26B99}.Debug|x64.ActiveCfg = Debug|Any CPU
		{691B1780-08CB-4995-80D5-45AFBBD26B99}.Debug|x64.Build.0 = Debug|Any CPU
		{691B1780-08CB-4995-80D5-45AFBBD26B99}.Debug|x86.ActiveCfg = Debug|Any CPU
		{691B1780-08CB-4995-80D5-45AFBBD26B99}.Debug|x86.Build.0 = Debug|Any CPU
		{691B1780-08CB-4995-80D5-45AFBBD26B99}.Release|Any CPU.ActiveCfg = Release|Any CPU
		{691B1780-08CB-4995-80D5-45AFBBD26B99}.Release|Any CPU.Build.0 = Release|Any CPU
		{691B1780-08CB-4995-80D5-45AFBBD26B99}.Release|x64.ActiveCfg = Release|Any CPU
		{691B1780-08CB-4995-80D5-45AFBBD26B99}.Release|x64.Build.0 = Release|Any CPU
		{691B1780-08CB-4995-80D5-45AFBBD26B99}.Release|x86.ActiveCfg = Release|Any CPU
		{691B1780-08CB-4995-80D5-45AFBBD26B99}.Release|x86.Build.0 = Release|Any CPU
		{9362BB30-2C3B-42A5-BDF7-ADA98F6939CA}.Debug|Any CPU.ActiveCfg = Debug|Any CPU
		{9362BB30-2C3B-42A5-BDF7-ADA98F6939CA}.Debug|Any CPU.Build.0 = Debug|Any CPU
		{9362BB30-2C3B-42A5-BDF7-ADA98F6939CA}.Debug|x64.ActiveCfg = Debug|Any CPU
		{9362BB30-2C3B-42A5-BDF7-ADA98F6939CA}.Debug|x64.Build.0 = Debug|Any CPU
		{9362BB30-2C3B-42A5-BDF7-ADA98F6939CA}.Debug|x86.ActiveCfg = Debug|Any CPU
		{9362BB30-2C3B-42A5-BDF7-ADA98F6939CA}.Debug|x86.Build.0 = Debug|Any CPU
		{9362BB30-2C3B-42A5-BDF7-ADA98F6939CA}.Release|Any CPU.ActiveCfg = Release|Any CPU
		{9362BB30-2C3B-42A5-BDF7-ADA98F6939CA}.Release|Any CPU.Build.0 = Release|Any CPU
		{9362BB30-2C3B-42A5-BDF7-ADA98F6939CA}.Release|x64.ActiveCfg = Release|Any CPU
		{9362BB30-2C3B-42A5-BDF7-ADA98F6939CA}.Release|x64.Build.0 = Release|Any CPU
		{9362BB30-2C3B-42A5-BDF7-ADA98F6939CA}.Release|x86.ActiveCfg = Release|Any CPU
		{9362BB30-2C3B-42A5-BDF7-ADA98F6939CA}.Release|x86.Build.0 = Release|Any CPU
		{D8E02173-5604-4EB4-B585-545D3AA87EB1}.Debug|Any CPU.ActiveCfg = Debug|Any CPU
		{D8E02173-5604-4EB4-B585-545D3AA87EB1}.Debug|Any CPU.Build.0 = Debug|Any CPU
		{D8E02173-5604-4EB4-B585-545D3AA87EB1}.Debug|x64.ActiveCfg = Debug|Any CPU
		{D8E02173-5604-4EB4-B585-545D3AA87EB1}.Debug|x64.Build.0 = Debug|Any CPU
		{D8E02173-5604-4EB4-B585-545D3AA87EB1}.Debug|x86.ActiveCfg = Debug|Any CPU
		{D8E02173-5604-4EB4-B585-545D3AA87EB1}.Debug|x86.Build.0 = Debug|Any CPU
		{D8E02173-5604-4EB4-B585-545D3AA87EB1}.Release|Any CPU.ActiveCfg = Release|Any CPU
		{D8E02173-5604-4EB4-B585-545D3AA87EB1}.Release|Any CPU.Build.0 = Release|Any CPU
		{D8E02173-5604-4EB4-B585-545D3AA87EB1}.Release|x64.ActiveCfg = Release|Any CPU
		{D8E02173-5604-4EB4-B585-545D3AA87EB1}.Release|x64.Build.0 = Release|Any CPU
		{D8E02173-5604-4EB4-B585-545D3AA87EB1}.Release|x86.ActiveCfg = Release|Any CPU
		{D8E02173-5604-4EB4-B585-545D3AA87EB1}.Release|x86.Build.0 = Release|Any CPU
		{FD7B1C4A-0628-4649-825A-E0A7D3D4B304}.Debug|Any CPU.ActiveCfg = Debug|Any CPU
		{FD7B1C4A-0628-4649-825A-E0A7D3D4B304}.Debug|Any CPU.Build.0 = Debug|Any CPU
		{FD7B1C4A-0628-4649-825A-E0A7D3D4B304}.Debug|x64.ActiveCfg = Debug|Any CPU
		{FD7B1C4A-0628-4649-825A-E0A7D3D4B304}.Debug|x64.Build.0 = Debug|Any CPU
		{FD7B1C4A-0628-4649-825A-E0A7D3D4B304}.Debug|x86.ActiveCfg = Debug|Any CPU
		{FD7B1C4A-0628-4649-825A-E0A7D3D4B304}.Debug|x86.Build.0 = Debug|Any CPU
		{FD7B1C4A-0628-4649-825A-E0A7D3D4B304}.Release|Any CPU.ActiveCfg = Release|Any CPU
		{FD7B1C4A-0628-4649-825A-E0A7D3D4B304}.Release|Any CPU.Build.0 = Release|Any CPU
		{FD7B1C4A-0628-4649-825A-E0A7D3D4B304}.Release|x64.ActiveCfg = Release|Any CPU
		{FD7B1C4A-0628-4649-825A-E0A7D3D4B304}.Release|x64.Build.0 = Release|Any CPU
		{FD7B1C4A-0628-4649-825A-E0A7D3D4B304}.Release|x86.ActiveCfg = Release|Any CPU
		{FD7B1C4A-0628-4649-825A-E0A7D3D4B304}.Release|x86.Build.0 = Release|Any CPU
		{8301C431-5E56-4CC4-984D-BC11415179EE}.Debug|Any CPU.ActiveCfg = Debug|Any CPU
		{8301C431-5E56-4CC4-984D-BC11415179EE}.Debug|Any CPU.Build.0 = Debug|Any CPU
		{8301C431-5E56-4CC4-984D-BC11415179EE}.Debug|x64.ActiveCfg = Debug|Any CPU
		{8301C431-5E56-4CC4-984D-BC11415179EE}.Debug|x64.Build.0 = Debug|Any CPU
		{8301C431-5E56-4CC4-984D-BC11415179EE}.Debug|x86.ActiveCfg = Debug|Any CPU
		{8301C431-5E56-4CC4-984D-BC11415179EE}.Debug|x86.Build.0 = Debug|Any CPU
		{8301C431-5E56-4CC4-984D-BC11415179EE}.Release|Any CPU.ActiveCfg = Release|Any CPU
		{8301C431-5E56-4CC4-984D-BC11415179EE}.Release|Any CPU.Build.0 = Release|Any CPU
		{8301C431-5E56-4CC4-984D-BC11415179EE}.Release|x64.ActiveCfg = Release|Any CPU
		{8301C431-5E56-4CC4-984D-BC11415179EE}.Release|x64.Build.0 = Release|Any CPU
		{8301C431-5E56-4CC4-984D-BC11415179EE}.Release|x86.ActiveCfg = Release|Any CPU
		{8301C431-5E56-4CC4-984D-BC11415179EE}.Release|x86.Build.0 = Release|Any CPU
		{F5B2408A-4FE5-416F-8495-68586C34264E}.Debug|Any CPU.ActiveCfg = Debug|Any CPU
		{F5B2408A-4FE5-416F-8495-68586C34264E}.Debug|Any CPU.Build.0 = Debug|Any CPU
		{F5B2408A-4FE5-416F-8495-68586C34264E}.Debug|x64.ActiveCfg = Debug|Any CPU
		{F5B2408A-4FE5-416F-8495-68586C34264E}.Debug|x64.Build.0 = Debug|Any CPU
		{F5B2408A-4FE5-416F-8495-68586C34264E}.Debug|x86.ActiveCfg = Debug|Any CPU
		{F5B2408A-4FE5-416F-8495-68586C34264E}.Debug|x86.Build.0 = Debug|Any CPU
		{F5B2408A-4FE5-416F-8495-68586C34264E}.Release|Any CPU.ActiveCfg = Release|Any CPU
		{F5B2408A-4FE5-416F-8495-68586C34264E}.Release|Any CPU.Build.0 = Release|Any CPU
		{F5B2408A-4FE5-416F-8495-68586C34264E}.Release|x64.ActiveCfg = Release|Any CPU
		{F5B2408A-4FE5-416F-8495-68586C34264E}.Release|x64.Build.0 = Release|Any CPU
		{F5B2408A-4FE5-416F-8495-68586C34264E}.Release|x86.ActiveCfg = Release|Any CPU
		{F5B2408A-4FE5-416F-8495-68586C34264E}.Release|x86.Build.0 = Release|Any CPU
		{34475C08-05D4-47B9-BDAC-D7C8F35FE42E}.Debug|Any CPU.ActiveCfg = Debug|Any CPU
		{34475C08-05D4-47B9-BDAC-D7C8F35FE42E}.Debug|Any CPU.Build.0 = Debug|Any CPU
		{34475C08-05D4-47B9-BDAC-D7C8F35FE42E}.Debug|x64.ActiveCfg = Debug|Any CPU
		{34475C08-05D4-47B9-BDAC-D7C8F35FE42E}.Debug|x64.Build.0 = Debug|Any CPU
		{34475C08-05D4-47B9-BDAC-D7C8F35FE42E}.Debug|x86.ActiveCfg = Debug|Any CPU
		{34475C08-05D4-47B9-BDAC-D7C8F35FE42E}.Debug|x86.Build.0 = Debug|Any CPU
		{34475C08-05D4-47B9-BDAC-D7C8F35FE42E}.Release|Any CPU.ActiveCfg = Release|Any CPU
		{34475C08-05D4-47B9-BDAC-D7C8F35FE42E}.Release|Any CPU.Build.0 = Release|Any CPU
		{34475C08-05D4-47B9-BDAC-D7C8F35FE42E}.Release|x64.ActiveCfg = Release|Any CPU
		{34475C08-05D4-47B9-BDAC-D7C8F35FE42E}.Release|x64.Build.0 = Release|Any CPU
		{34475C08-05D4-47B9-BDAC-D7C8F35FE42E}.Release|x86.ActiveCfg = Release|Any CPU
		{34475C08-05D4-47B9-BDAC-D7C8F35FE42E}.Release|x86.Build.0 = Release|Any CPU
		{9DCFF146-A0AC-4A30-AEDB-0C9477E9A114}.Debug|Any CPU.ActiveCfg = Debug|Any CPU
		{9DCFF146-A0AC-4A30-AEDB-0C9477E9A114}.Debug|Any CPU.Build.0 = Debug|Any CPU
		{9DCFF146-A0AC-4A30-AEDB-0C9477E9A114}.Debug|x64.ActiveCfg = Debug|Any CPU
		{9DCFF146-A0AC-4A30-AEDB-0C9477E9A114}.Debug|x64.Build.0 = Debug|Any CPU
		{9DCFF146-A0AC-4A30-AEDB-0C9477E9A114}.Debug|x86.ActiveCfg = Debug|Any CPU
		{9DCFF146-A0AC-4A30-AEDB-0C9477E9A114}.Debug|x86.Build.0 = Debug|Any CPU
		{9DCFF146-A0AC-4A30-AEDB-0C9477E9A114}.Release|Any CPU.ActiveCfg = Release|Any CPU
		{9DCFF146-A0AC-4A30-AEDB-0C9477E9A114}.Release|Any CPU.Build.0 = Release|Any CPU
		{9DCFF146-A0AC-4A30-AEDB-0C9477E9A114}.Release|x64.ActiveCfg = Release|Any CPU
		{9DCFF146-A0AC-4A30-AEDB-0C9477E9A114}.Release|x64.Build.0 = Release|Any CPU
		{9DCFF146-A0AC-4A30-AEDB-0C9477E9A114}.Release|x86.ActiveCfg = Release|Any CPU
		{9DCFF146-A0AC-4A30-AEDB-0C9477E9A114}.Release|x86.Build.0 = Release|Any CPU
	EndGlobalSection
	GlobalSection(SolutionProperties) = preSolution
		HideSolutionNode = FALSE
	EndGlobalSection
	GlobalSection(NestedProjects) = preSolution
		{974B2959-3863-413C-8D93-055710F3AE93} = {827E0CD3-B72D-47B6-A68D-7590B98EB39B}
		{691B1780-08CB-4995-80D5-45AFBBD26B99} = {827E0CD3-B72D-47B6-A68D-7590B98EB39B}
		{9362BB30-2C3B-42A5-BDF7-ADA98F6939CA} = {827E0CD3-B72D-47B6-A68D-7590B98EB39B}
		{D8E02173-5604-4EB4-B585-545D3AA87EB1} = {827E0CD3-B72D-47B6-A68D-7590B98EB39B}
		{FD7B1C4A-0628-4649-825A-E0A7D3D4B304} = {827E0CD3-B72D-47B6-A68D-7590B98EB39B}
		{8301C431-5E56-4CC4-984D-BC11415179EE} = {827E0CD3-B72D-47B6-A68D-7590B98EB39B}
		{F5B2408A-4FE5-416F-8495-68586C34264E} = {827E0CD3-B72D-47B6-A68D-7590B98EB39B}
		{34475C08-05D4-47B9-BDAC-D7C8F35FE42E} = {827E0CD3-B72D-47B6-A68D-7590B98EB39B}
		{9DCFF146-A0AC-4A30-AEDB-0C9477E9A114} = {827E0CD3-B72D-47B6-A68D-7590B98EB39B}
	EndGlobalSection
EndGlobal
